
Microsoft Visual Studio Solution File, Format Version 12.00
# Visual Studio Version 16
VisualStudioVersion = 16.0.30804.86
MinimumVisualStudioVersion = 10.0.40219.1
Project("{FAE04EC0-301F-11D3-BF4B-00C04F79EFBC}") = "BORBO", "BORBO\BORBO.csproj", "{A713EEDC-3869-4033-8C56-770530141B62}"
EndProject
Global
	GlobalSection(SolutionConfigurationPlatforms) = preSolution
		Debug|Any CPU = Debug|Any CPU
		Release|Any CPU = Release|Any CPU
	EndGlobalSection
	GlobalSection(ProjectConfigurationPlatforms) = postSolution
		{A713EEDC-3869-4033-8C56-770530141B62}.Debug|Any CPU.ActiveCfg = Debug|Any CPU
		{A713EEDC-3869-4033-8C56-770530141B62}.Debug|Any CPU.Build.0 = Debug|Any CPU
		{A713EEDC-3869-4033-8C56-770530141B62}.Release|Any CPU.ActiveCfg = Release|Any CPU
		{A713EEDC-3869-4033-8C56-770530141B62}.Release|Any CPU.Build.0 = Release|Any CPU
	EndGlobalSection
	GlobalSection(SolutionProperties) = preSolution
		HideSolutionNode = FALSE
	EndGlobalSection
	GlobalSection(ExtensibilityGlobals) = postSolution
		SolutionGuid = {C100F7C1-9B5D-4BBE-9B66-215E66F01ED7}
	EndGlobalSection
EndGlobal
